lockfileVersion: '9.0'

settings:
  autoInstallPeers: true
  excludeLinksFromLockfile: false

importers:

  .:
    dependencies:
      '@sentry/react':
        specifier: ^9.22.0
        version: 9.22.0(react@19.1.0)

packages:

  '@sentry-internal/browser-utils@9.22.0':
    resolution: {integrity: sha512-Ou1tBnVxFAIn8i9gvrWzRotNJQYiu3awNXpsFCw6qFwmiKAVPa6b13vCdolhXnrIiuR77jY1LQnKh9hXpoRzsg==}
    engines: {node: '>=18'}

  '@sentry-internal/feedback@9.22.0':
    resolution: {integrity: sha512-zgMVkoC61fgi41zLcSZA59vOtKxcLrKBo1ECYhPD1hxEaneNqY5fhXDwlQBw96P5l2yqkgfX6YZtSdU4ejI9yA==}
    engines: {node: '>=18'}

  '@sentry-internal/replay-canvas@9.22.0':
    resolution: {integrity: sha512-EcG9IMSEalFe49kowBTJObWjof/iHteDwpyuAszsFDdQUYATrVUtwpwN7o52vDYWJud4arhjrQnMamIGxa79eQ==}
    engines: {node: '>=18'}

  '@sentry-internal/replay@9.22.0':
    resolution: {integrity: sha512-9GOycoKbrclcRXfcbNV8svbmAsOS5R4wXBQmKF4pFLkmFA/lJv9kdZSNYkRvkrxdNfbMIJXP+DV9EqTZcryXig==}
    engines: {node: '>=18'}

  '@sentry/browser@9.22.0':
    resolution: {integrity: sha512-3TeRm74dvX0JdjX0AgkQa+22iUHwHnY+Q6M05NZ+tDeCNHGK/mEBTeqquS1oQX67jWyuvYmG3VV6RJUxtG9Paw==}
    engines: {node: '>=18'}

  '@sentry/core@9.22.0':
    resolution: {integrity: sha512-ixvtKmPF42Y6ckGUbFlB54OWI75H2gO5UYHojO6eXFpS7xO3ZGgV/QH6wb40mWK+0w5XZ0233FuU9VpsuE6mKA==}
    engines: {node: '>=18'}

  '@sentry/react@9.22.0':
    resolution: {integrity: sha512-mI43NnioBYdG5TiXqRlhV1feZs9bnrrl+k5HOHBK7VQtymaXO0fkcsRLZTkdSgLRLMJGasZuvVhq2xK+18QyWQ==}
    engines: {node: '>=18'}
    peerDependencies:
      react: ^16.14.0 || 17.x || 18.x || 19.x

  hoist-non-react-statics@3.3.2:
    resolution: {integrity: sha512-/gGivxi8JPKWNm/W0jSmzcMPpfpPLc3dY/6GxhX2hQ9iGj3aDfklV4ET7NjKpSinLpJ5vafa9iiGIEZg10SfBw==}

  react-is@16.13.1:
    resolution: {integrity: sha512-24e6ynE2H+OKt4kqsOvNd8kBpV65zoxbA4BVsEOB3ARVWQki/DHzaUoC5KuON/BiccDaCCTZBuOcfZs70kR8bQ==}

  react@19.1.0:
    resolution: {integrity: sha512-FS+XFBNvn3GTAWq26joslQgWNoFu08F4kl0J4CgdNKADkdSGXQyTCnKteIAJy96Br6YbpEU1LSzV5dYtjMkMDg==}
    engines: {node: '>=0.10.0'}

snapshots:

  '@sentry-internal/browser-utils@9.22.0':
    dependencies:
      '@sentry/core': 9.22.0

  '@sentry-internal/feedback@9.22.0':
    dependencies:
      '@sentry/core': 9.22.0

  '@sentry-internal/replay-canvas@9.22.0':
    dependencies:
      '@sentry-internal/replay': 9.22.0
      '@sentry/core': 9.22.0

  '@sentry-internal/replay@9.22.0':
    dependencies:
      '@sentry-internal/browser-utils': 9.22.0
      '@sentry/core': 9.22.0

  '@sentry/browser@9.22.0':
    dependencies:
      '@sentry-internal/browser-utils': 9.22.0
      '@sentry-internal/feedback': 9.22.0
      '@sentry-internal/replay': 9.22.0
      '@sentry-internal/replay-canvas': 9.22.0
      '@sentry/core': 9.22.0

  '@sentry/core@9.22.0': {}

  '@sentry/react@9.22.0(react@19.1.0)':
    dependencies:
      '@sentry/browser': 9.22.0
      '@sentry/core': 9.22.0
      hoist-non-react-statics: 3.3.2
      react: 19.1.0

  hoist-non-react-statics@3.3.2:
    dependencies:
      react-is: 16.13.1

  react-is@16.13.1: {}

  react@19.1.0: {}
